
Microsoft Visual Studio Solution File, Format Version 12.00
# Visual Studio Version 16
VisualStudioVersion = 16.0.29424.173
MinimumVisualStudioVersion = 10.0.40219.1
Project("{FAE04EC0-301F-11D3-BF4B-00C04F79EFBC}") = "Anime Store", "Anime Store\Anime Store.csproj", "{7DA87C93-7EE5-430A-A269-EF272357E4EA}"
EndProject
Global
	GlobalSection(SolutionConfigurationPlatforms) = preSolution
		Debug|Any CPU = Debug|Any CPU
		Release|Any CPU = Release|Any CPU
	EndGlobalSection
	GlobalSection(ProjectConfigurationPlatforms) = postSolution
		{7DA87C93-7EE5-430A-A269-EF272357E4EA}.Debug|Any CPU.ActiveCfg = Debug|Any CPU
		{7DA87C93-7EE5-430A-A269-EF272357E4EA}.Debug|Any CPU.Build.0 = Debug|Any CPU
		{7DA87C93-7EE5-430A-A269-EF272357E4EA}.Release|Any CPU.ActiveCfg = Release|Any CPU
		{7DA87C93-7EE5-430A-A269-EF272357E4EA}.Release|Any CPU.Build.0 = Release|Any CPU
	EndGlobalSection
	GlobalSection(SolutionProperties) = preSolution
		HideSolutionNode = FALSE
	EndGlobalSection
	GlobalSection(ExtensibilityGlobals) = postSolution
		SolutionGuid = {0C486E80-0983-4E1E-9E64-5D7CA35D757C}
	EndGlobalSection
EndGlobal
